PODS:
  - Alamofire (4.5.0)
  - BNHtmlPdfKit (0.5.0)
  - DynamicColor (3.3)
  - Mia (0.1.6):
    - Mia/Extensions (= 0.1.6)
    - Mia/Libraries (= 0.1.6)
    - Mia/UI (= 0.1.6)
    - Mia/Utilities (= 0.1.6)
  - Mia/Extensions (0.1.6)
  - Mia/Libraries (0.1.6)
  - Mia/UI (0.1.6)
  - Mia/Utilities (0.1.6)
  - RandomColorSwift (1.0.0)

DEPENDENCIES:
  - Alamofire
  - BNHtmlPdfKit (from `https://github.com/brentnycum/BNHtmlPdfKit`)
  - DynamicColor
  - Mia (from `../`)
  - RandomColorSwift

EXTERNAL SOURCES:
  BNHtmlPdfKit:
    :git: https://github.com/brentnycum/BNHtmlPdfKit
  Mia:
    :path: ../

CHECKOUT OPTIONS:
  BNHtmlPdfKit:
    :commit: f68e54bb0bed047306a7c25ff42ed95c689ea921
    :git: https://github.com/brentnycum/BNHtmlPdfKit

SPEC CHECKSUMS:
  Alamofire: f28cdffd29de33a7bfa022cbd63ae95a27fae140
  BNHtmlPdfKit: 566b27d1c802ade48ed042abafdc16aeb5ddc4e1
  DynamicColor: 3cdaa1e01c16e93ba744e0630f768373e0fc7a7d
  Mia: 333081634df3b26233781947e689bb472892a393
  RandomColorSwift: 9f85058b721665d52d239ca166a913e083506444

PODFILE CHECKSUM: b705af44e5c8c205834bd969882272cabe3803ca

COCOAPODS: 1.3.1
