PODS:
  - Mia (0.1.0):
    - Mia/Rosewood (= 0.1.0)
  - Mia/Rosewood (0.1.0)

DEPENDENCIES:
  - Mia (from `../`)

EXTERNAL SOURCES:
  Mia:
    :path: ../

SPEC CHECKSUMS:
  Mia: d8ee60f32d378e72a10ab85e43c00a429f1c8054

PODFILE CHECKSUM: f577096cf9e309eae9218864bac27ae52eccef32

COCOAPODS: 1.3.0.beta.2
